
Microsoft Visual Studio Solution File, Format Version 12.00
# Visual Studio Version 17
VisualStudioVersion = 17.5.002.0
MinimumVisualStudioVersion = 10.0.40219.1
Project("{9A19103F-16F7-4668-BE54-9A1E7A4F7556}") = "Day01", "Day01\Day01.csproj", "{51FFA06A-C64C-4A05-B030-D35EB839AADD}"
EndProject
Project("{FAE04EC0-301F-11D3-BF4B-00C04F79EFBC}") = "Day02", "Day02\Day02.csproj", "{6D6ACF5B-3023-4745-9FBC-7F868D6861FA}"
EndProject
Project("{FAE04EC0-301F-11D3-BF4B-00C04F79EFBC}") = "Day03", "Day03\Day03.csproj", "{5C36E9C3-C258-4F61-AF3C-1BC6905283AA}"
EndProject
Project("{FAE04EC0-301F-11D3-BF4B-00C04F79EFBC}") = "Day04", "Day04\Day04.csproj", "{3BC27C5B-46F5-4F61-BA29-528A892118B1}"
EndProject
Project("{2150E333-8FDC-42A3-9474-1A3956D46DE8}") = "Day01 - 02", "Day01 - 02", "{31751157-7B00-4A9B-983D-A165851AD970}"
EndProject
Project("{2150E333-8FDC-42A3-9474-1A3956D46DE8}") = "Day03", "Day03", "{72166C51-8D6D-40B7-A869-9B21FD8A0900}"
EndProject
Project("{FAE04EC0-301F-11D3-BF4B-00C04F79EFBC}") = "Project01", "Project01\Project01.csproj", "{2FB48F48-A7D4-437C-BA81-EC7B421FD536}"
EndProject
Project("{FAE04EC0-301F-11D3-BF4B-00C04F79EFBC}") = "Encapsulation", "Encapsulation\Encapsulation.csproj", "{814B7A58-FF3F-4994-8F4F-D7C32DE94BD7}"
EndProject
Project("{FAE04EC0-301F-11D3-BF4B-00C04F79EFBC}") = "Overriding", "Overriding\Overriding.csproj", "{3C5C40D6-5E0D-41C1-A433-A4798E9F4C64}"
EndProject
Project("{FAE04EC0-301F-11D3-BF4B-00C04F79EFBC}") = "Project02", "Project02\Project02.csproj", "{936D0D26-CF72-47D0-BE13-B87A392F651D}"
EndProject
Project("{2150E333-8FDC-42A3-9474-1A3956D46DE8}") = "Day04", "Day04", "{95BF4684-6031-43E4-B6A5-6783ECF8926A}"
EndProject
Project("{FAE04EC0-301F-11D3-BF4B-00C04F79EFBC}") = "ReferenceTypes", "ReferenceTypes\ReferenceTypes.csproj", "{3655BDA8-9BFA-48A7-A9C5-6F6B6C7EC5B4}"
EndProject
Project("{FAE04EC0-301F-11D3-BF4B-00C04F79EFBC}") = "ReferenceTypes", "ReferenceTypes\ReferenceTypes.csproj", "{55C1160D-3373-433A-A059-B8F9C39C963C}"
EndProject
Project("{FAE04EC0-301F-11D3-BF4B-00C04F79EFBC}") = "StringBuilder", "StringBuilder\StringBuilder.csproj", "{302C4238-284B-4371-81D4-57C767667A9C}"
EndProject
Project("{FAE04EC0-301F-11D3-BF4B-00C04F79EFBC}") = "Composition", "Composition\Composition.csproj", "{765ECA82-B5ED-45D1-B63E-ED7F5EF60E74}"
EndProject
Project("{FAE04EC0-301F-11D3-BF4B-00C04F79EFBC}") = "Property", "Property\Property.csproj", "{9F85F3BD-7EDC-4923-9113-2CE97BC2765A}"
EndProject
Project("{FAE04EC0-301F-11D3-BF4B-00C04F79EFBC}") = "Ref", "Ref\Ref.csproj", "{325D0D5C-7870-47F0-B861-E482CE972A2E}"
EndProject
Project("{FAE04EC0-301F-11D3-BF4B-00C04F79EFBC}") = "Out", "Out\Out.csproj", "{FD99FA22-ADBB-4BAC-ABBF-38E6E9FACE6C}"
EndProject
Project("{FAE04EC0-301F-11D3-BF4B-00C04F79EFBC}") = "In", "In\In.csproj", "{2A6A5713-C3C0-456D-81DD-E3E845D16708}"
EndProject
Project("{2150E333-8FDC-42A3-9474-1A3956D46DE8}") = "Day05", "Day05", "{1E0E5132-8076-41D7-8D33-9763CB9805F4}"
EndProject
Project("{FAE04EC0-301F-11D3-BF4B-00C04F79EFBC}") = "Abstraction", "Abstraction\Abstraction.csproj", "{D2C2A8A4-FEDC-4D30-A553-1679DD776FBB}"
EndProject
Project("{FAE04EC0-301F-11D3-BF4B-00C04F79EFBC}") = "Abstraction02", "Abstraction02\Abstraction02.csproj", "{FB41194E-00EA-4285-AF18-85F7D29D3790}"
EndProject
Project("{FAE04EC0-301F-11D3-BF4B-00C04F79EFBC}") = "Interface", "Interface\Interface.csproj", "{23B911C6-9AD2-4D0A-8857-434A3BE10908}"
EndProject
Project("{FAE04EC0-301F-11D3-BF4B-00C04F79EFBC}") = "InterfaceSeggregation", "InterfaceSeggregation\InterfaceSeggregation.csproj", "{AF481EE1-3347-4CE4-93E5-05FDE479D87D}"
EndProject
Project("{FAE04EC0-301F-11D3-BF4B-00C04F79EFBC}") = "Static", "Static\Static.csproj", "{26123769-1906-4872-8621-CB87FB97EE01}"
EndProject
Project("{2150E333-8FDC-42A3-9474-1A3956D46DE8}") = "Day06", "Day06", "{D56904CC-8B6E-4BA8-9AEF-815D9589CB51}"
EndProject
Project("{FAE04EC0-301F-11D3-BF4B-00C04F79EFBC}") = "Enum", "Enum\Enum.csproj", "{8A7D1469-FE56-4EF8-885F-2479E3C7451B}"
EndProject
Project("{FAE04EC0-301F-11D3-BF4B-00C04F79EFBC}") = "Enum02", "Enum02\Enum02.csproj", "{2CF40C8F-32A3-46B6-B356-595CF356DCC6}"
EndProject
Project("{FAE04EC0-301F-11D3-BF4B-00C04F79EFBC}") = "Enum03", "Enum03\Enum03.csproj", "{33D5B12A-8D2A-47E6-A85E-21DB66B2CB26}"
EndProject
Project("{FAE04EC0-301F-11D3-BF4B-00C04F79EFBC}") = "GameController", "GameController\GameController.csproj", "{D1EADD13-2D06-4236-9BE0-31F0280AF983}"
EndProject
Project("{FAE04EC0-301F-11D3-BF4B-00C04F79EFBC}") = "Generic", "Generic\Generic.csproj", "{B77D7C7E-2C75-48D9-AB1D-F3B8297C0B4E}"
EndProject
Project("{FAE04EC0-301F-11D3-BF4B-00C04F79EFBC}") = "ExtensionMethod", "ExtensionMethod\ExtensionMethod.csproj", "{D06035C4-2CCD-40E1-A75D-5A9A5AAF5C36}"
EndProject
Project("{FAE04EC0-301F-11D3-BF4B-00C04F79EFBC}") = "Constraints", "Constraints\Constraints.csproj", "{ECD7F9F2-2397-4D71-8CD7-455A9FD5E840}"
EndProject
Project("{FAE04EC0-301F-11D3-BF4B-00C04F79EFBC}") = "OperatorOverloading", "OperatorOverloading\OperatorOverloading.csproj", "{7C45B919-7B28-4A42-AA8A-06ED32FBF48F}"
EndProject
Project("{FAE04EC0-301F-11D3-BF4B-00C04F79EFBC}") = "WithoutDelegate", "WithoutDelegate\WithoutDelegate.csproj", "{9E5F1013-FFC1-44B4-A37A-89BD05622F0D}"
EndProject
Project("{FAE04EC0-301F-11D3-BF4B-00C04F79EFBC}") = "WithDelegate", "WithDelegate\WithDelegate.csproj", "{62DDEC57-D73D-486D-805B-0710179BDA92}"
EndProject
Project("{FAE04EC0-301F-11D3-BF4B-00C04F79EFBC}") = "MultiCastDelegate", "MultiCastDelegate\MultiCastDelegate.csproj", "{E0380F04-EF67-491B-9484-FA3433F65AE4}"
EndProject
Project("{FAE04EC0-301F-11D3-BF4B-00C04F79EFBC}") = "SimpleDelegate", "SimpleDelegate\SimpleDelegate.csproj", "{626F0E6F-89AD-49A7-BE83-4CA8CB912114}"
EndProject
Project("{FAE04EC0-301F-11D3-BF4B-00C04F79EFBC}") = "SimpleDelegateReturnValue", "SimpleDelegateReturnValue\SimpleDelegateReturnValue.csproj", "{68A2E614-963E-45FC-86DE-9843C3745497}"
EndProject
Project("{2150E333-8FDC-42A3-9474-1A3956D46DE8}") = "Day07", "Day07", "{71334C64-681E-4CBD-8D48-5F1A9B04BAF2}"
EndProject
Project("{FAE04EC0-301F-11D3-BF4B-00C04F79EFBC}") = "Delegate01", "Delegate01\Delegate01.csproj", "{FF615695-7AFA-4BE5-B41D-9D47F37B08D9}"
EndProject
Project("{FAE04EC0-301F-11D3-BF4B-00C04F79EFBC}") = "Delegate02", "Delegate02\Delegate02.csproj", "{BD453EE2-7E3F-4675-BF61-E1E753629CB6}"
EndProject
Project("{FAE04EC0-301F-11D3-BF4B-00C04F79EFBC}") = "EventHandler", "EventHandler\EventHandler.csproj", "{2219E781-6C1A-4434-AE88-3AFCEF0AD29C}"
EndProject
Project("{FAE04EC0-301F-11D3-BF4B-00C04F79EFBC}") = "EventArgsGeneric", "EventArgsGeneric\EventArgsGeneric.csproj", "{AE0B9681-27D8-4B33-A0A0-DAC571F8E1AF}"
EndProject
Project("{2150E333-8FDC-42A3-9474-1A3956D46DE8}") = "Day08", "Day08", "{5C8BDEC4-1E25-4FA5-A5F7-C4424E64BFE5}"
EndProject
Project("{FAE04EC0-301F-11D3-BF4B-00C04F79EFBC}") = "ExceptionHandler", "ExceptionHandler\ExceptionHandler.csproj", "{43909B0F-B79E-431C-A29F-11BF4E099898}"
EndProject
Project("{FAE04EC0-301F-11D3-BF4B-00C04F79EFBC}") = "ExceptionHandler02", "ExceptionHandler02\ExceptionHandler02.csproj", "{3ECA5F83-A8D9-4366-B7E0-106298595C72}"
EndProject
Project("{FAE04EC0-301F-11D3-BF4B-00C04F79EFBC}") = "LambdaExpression", "LambdaExpression\LambdaExpression.csproj", "{8A2772C4-C1D0-4574-B853-57FC315B4694}"
EndProject
Project("{FAE04EC0-301F-11D3-BF4B-00C04F79EFBC}") = "Enumerator", "Enumerator\Enumerator.csproj", "{D8642554-33B3-41EA-947F-DFDB5FA5EAF1}"
EndProject
Project("{2150E333-8FDC-42A3-9474-1A3956D46DE8}") = "Day09", "Day09", "{686BCB33-9EEA-4383-8880-3E5C8449D31D}"
EndProject
Project("{FAE04EC0-301F-11D3-BF4B-00C04F79EFBC}") = "HashSet", "HashSet\HashSet.csproj", "{C85AA9F9-9CB4-489A-B647-B10FB5798C93}"
EndProject
Project("{FAE04EC0-301F-11D3-BF4B-00C04F79EFBC}") = "Queue", "Queue\Queue.csproj", "{81F1C3D2-F8F2-472D-8112-887CE6D85E2E}"
EndProject
Project("{FAE04EC0-301F-11D3-BF4B-00C04F79EFBC}") = "Stack", "Stack\Stack.csproj", "{E5FEE6D4-FCDD-4602-912E-DFCB23DF0E0A}"
EndProject
Project("{FAE04EC0-301F-11D3-BF4B-00C04F79EFBC}") = "Dictionary", "Dictionary\Dictionary.csproj", "{B4A724B4-091E-458F-ADB6-96F757E3736C}"
EndProject
Global
	GlobalSection(SolutionConfigurationPlatforms) = preSolution
		Debug|Any CPU = Debug|Any CPU
		Release|Any CPU = Release|Any CPU
	EndGlobalSection
	GlobalSection(ProjectConfigurationPlatforms) = postSolution
		{51FFA06A-C64C-4A05-B030-D35EB839AADD}.Debug|Any CPU.ActiveCfg = Debug|Any CPU
		{51FFA06A-C64C-4A05-B030-D35EB839AADD}.Debug|Any CPU.Build.0 = Debug|Any CPU
		{51FFA06A-C64C-4A05-B030-D35EB839AADD}.Release|Any CPU.ActiveCfg = Release|Any CPU
		{51FFA06A-C64C-4A05-B030-D35EB839AADD}.Release|Any CPU.Build.0 = Release|Any CPU
		{6D6ACF5B-3023-4745-9FBC-7F868D6861FA}.Debug|Any CPU.ActiveCfg = Debug|Any CPU
		{6D6ACF5B-3023-4745-9FBC-7F868D6861FA}.Debug|Any CPU.Build.0 = Debug|Any CPU
		{6D6ACF5B-3023-4745-9FBC-7F868D6861FA}.Release|Any CPU.ActiveCfg = Release|Any CPU
		{6D6ACF5B-3023-4745-9FBC-7F868D6861FA}.Release|Any CPU.Build.0 = Release|Any CPU
		{5C36E9C3-C258-4F61-AF3C-1BC6905283AA}.Debug|Any CPU.ActiveCfg = Debug|Any CPU
		{5C36E9C3-C258-4F61-AF3C-1BC6905283AA}.Debug|Any CPU.Build.0 = Debug|Any CPU
		{5C36E9C3-C258-4F61-AF3C-1BC6905283AA}.Release|Any CPU.ActiveCfg = Release|Any CPU
		{5C36E9C3-C258-4F61-AF3C-1BC6905283AA}.Release|Any CPU.Build.0 = Release|Any CPU
		{3BC27C5B-46F5-4F61-BA29-528A892118B1}.Debug|Any CPU.ActiveCfg = Debug|Any CPU
		{3BC27C5B-46F5-4F61-BA29-528A892118B1}.Debug|Any CPU.Build.0 = Debug|Any CPU
		{3BC27C5B-46F5-4F61-BA29-528A892118B1}.Release|Any CPU.ActiveCfg = Release|Any CPU
		{3BC27C5B-46F5-4F61-BA29-528A892118B1}.Release|Any CPU.Build.0 = Release|Any CPU
		{2FB48F48-A7D4-437C-BA81-EC7B421FD536}.Debug|Any CPU.ActiveCfg = Debug|Any CPU
		{2FB48F48-A7D4-437C-BA81-EC7B421FD536}.Debug|Any CPU.Build.0 = Debug|Any CPU
		{2FB48F48-A7D4-437C-BA81-EC7B421FD536}.Release|Any CPU.ActiveCfg = Release|Any CPU
		{2FB48F48-A7D4-437C-BA81-EC7B421FD536}.Release|Any CPU.Build.0 = Release|Any CPU
		{814B7A58-FF3F-4994-8F4F-D7C32DE94BD7}.Debug|Any CPU.ActiveCfg = Debug|Any CPU
		{814B7A58-FF3F-4994-8F4F-D7C32DE94BD7}.Debug|Any CPU.Build.0 = Debug|Any CPU
		{814B7A58-FF3F-4994-8F4F-D7C32DE94BD7}.Release|Any CPU.ActiveCfg = Release|Any CPU
		{814B7A58-FF3F-4994-8F4F-D7C32DE94BD7}.Release|Any CPU.Build.0 = Release|Any CPU
		{3C5C40D6-5E0D-41C1-A433-A4798E9F4C64}.Debug|Any CPU.ActiveCfg = Debug|Any CPU
		{3C5C40D6-5E0D-41C1-A433-A4798E9F4C64}.Debug|Any CPU.Build.0 = Debug|Any CPU
		{3C5C40D6-5E0D-41C1-A433-A4798E9F4C64}.Release|Any CPU.ActiveCfg = Release|Any CPU
		{3C5C40D6-5E0D-41C1-A433-A4798E9F4C64}.Release|Any CPU.Build.0 = Release|Any CPU
		{936D0D26-CF72-47D0-BE13-B87A392F651D}.Debug|Any CPU.ActiveCfg = Debug|Any CPU
		{936D0D26-CF72-47D0-BE13-B87A392F651D}.Debug|Any CPU.Build.0 = Debug|Any CPU
		{936D0D26-CF72-47D0-BE13-B87A392F651D}.Release|Any CPU.ActiveCfg = Release|Any CPU
		{936D0D26-CF72-47D0-BE13-B87A392F651D}.Release|Any CPU.Build.0 = Release|Any CPU
		{3655BDA8-9BFA-48A7-A9C5-6F6B6C7EC5B4}.Debug|Any CPU.ActiveCfg = Debug|Any CPU
		{3655BDA8-9BFA-48A7-A9C5-6F6B6C7EC5B4}.Debug|Any CPU.Build.0 = Debug|Any CPU
		{3655BDA8-9BFA-48A7-A9C5-6F6B6C7EC5B4}.Release|Any CPU.ActiveCfg = Release|Any CPU
		{3655BDA8-9BFA-48A7-A9C5-6F6B6C7EC5B4}.Release|Any CPU.Build.0 = Release|Any CPU
		{55C1160D-3373-433A-A059-B8F9C39C963C}.Debug|Any CPU.ActiveCfg = Debug|Any CPU
		{55C1160D-3373-433A-A059-B8F9C39C963C}.Debug|Any CPU.Build.0 = Debug|Any CPU
		{55C1160D-3373-433A-A059-B8F9C39C963C}.Release|Any CPU.ActiveCfg = Release|Any CPU
		{55C1160D-3373-433A-A059-B8F9C39C963C}.Release|Any CPU.Build.0 = Release|Any CPU
		{302C4238-284B-4371-81D4-57C767667A9C}.Debug|Any CPU.ActiveCfg = Debug|Any CPU
		{302C4238-284B-4371-81D4-57C767667A9C}.Debug|Any CPU.Build.0 = Debug|Any CPU
		{302C4238-284B-4371-81D4-57C767667A9C}.Release|Any CPU.ActiveCfg = Release|Any CPU
		{302C4238-284B-4371-81D4-57C767667A9C}.Release|Any CPU.Build.0 = Release|Any CPU
		{765ECA82-B5ED-45D1-B63E-ED7F5EF60E74}.Debug|Any CPU.ActiveCfg = Debug|Any CPU
		{765ECA82-B5ED-45D1-B63E-ED7F5EF60E74}.Debug|Any CPU.Build.0 = Debug|Any CPU
		{765ECA82-B5ED-45D1-B63E-ED7F5EF60E74}.Release|Any CPU.ActiveCfg = Release|Any CPU
		{765ECA82-B5ED-45D1-B63E-ED7F5EF60E74}.Release|Any CPU.Build.0 = Release|Any CPU
		{9F85F3BD-7EDC-4923-9113-2CE97BC2765A}.Debug|Any CPU.ActiveCfg = Debug|Any CPU
		{9F85F3BD-7EDC-4923-9113-2CE97BC2765A}.Debug|Any CPU.Build.0 = Debug|Any CPU
		{9F85F3BD-7EDC-4923-9113-2CE97BC2765A}.Release|Any CPU.ActiveCfg = Release|Any CPU
		{9F85F3BD-7EDC-4923-9113-2CE97BC2765A}.Release|Any CPU.Build.0 = Release|Any CPU
		{325D0D5C-7870-47F0-B861-E482CE972A2E}.Debug|Any CPU.ActiveCfg = Debug|Any CPU
		{325D0D5C-7870-47F0-B861-E482CE972A2E}.Debug|Any CPU.Build.0 = Debug|Any CPU
		{325D0D5C-7870-47F0-B861-E482CE972A2E}.Release|Any CPU.ActiveCfg = Release|Any CPU
		{325D0D5C-7870-47F0-B861-E482CE972A2E}.Release|Any CPU.Build.0 = Release|Any CPU
		{FD99FA22-ADBB-4BAC-ABBF-38E6E9FACE6C}.Debug|Any CPU.ActiveCfg = Debug|Any CPU
		{FD99FA22-ADBB-4BAC-ABBF-38E6E9FACE6C}.Debug|Any CPU.Build.0 = Debug|Any CPU
		{FD99FA22-ADBB-4BAC-ABBF-38E6E9FACE6C}.Release|Any CPU.ActiveCfg = Release|Any CPU
		{FD99FA22-ADBB-4BAC-ABBF-38E6E9FACE6C}.Release|Any CPU.Build.0 = Release|Any CPU
		{2A6A5713-C3C0-456D-81DD-E3E845D16708}.Debug|Any CPU.ActiveCfg = Debug|Any CPU
		{2A6A5713-C3C0-456D-81DD-E3E845D16708}.Debug|Any CPU.Build.0 = Debug|Any CPU
		{2A6A5713-C3C0-456D-81DD-E3E845D16708}.Release|Any CPU.ActiveCfg = Release|Any CPU
		{2A6A5713-C3C0-456D-81DD-E3E845D16708}.Release|Any CPU.Build.0 = Release|Any CPU
		{D2C2A8A4-FEDC-4D30-A553-1679DD776FBB}.Debug|Any CPU.ActiveCfg = Debug|Any CPU
		{D2C2A8A4-FEDC-4D30-A553-1679DD776FBB}.Debug|Any CPU.Build.0 = Debug|Any CPU
		{D2C2A8A4-FEDC-4D30-A553-1679DD776FBB}.Release|Any CPU.ActiveCfg = Release|Any CPU
		{D2C2A8A4-FEDC-4D30-A553-1679DD776FBB}.Release|Any CPU.Build.0 = Release|Any CPU
		{FB41194E-00EA-4285-AF18-85F7D29D3790}.Debug|Any CPU.ActiveCfg = Debug|Any CPU
		{FB41194E-00EA-4285-AF18-85F7D29D3790}.Debug|Any CPU.Build.0 = Debug|Any CPU
		{FB41194E-00EA-4285-AF18-85F7D29D3790}.Release|Any CPU.ActiveCfg = Release|Any CPU
		{FB41194E-00EA-4285-AF18-85F7D29D3790}.Release|Any CPU.Build.0 = Release|Any CPU
		{23B911C6-9AD2-4D0A-8857-434A3BE10908}.Debug|Any CPU.ActiveCfg = Debug|Any CPU
		{23B911C6-9AD2-4D0A-8857-434A3BE10908}.Debug|Any CPU.Build.0 = Debug|Any CPU
		{23B911C6-9AD2-4D0A-8857-434A3BE10908}.Release|Any CPU.ActiveCfg = Release|Any CPU
		{23B911C6-9AD2-4D0A-8857-434A3BE10908}.Release|Any CPU.Build.0 = Release|Any CPU
		{AF481EE1-3347-4CE4-93E5-05FDE479D87D}.Debug|Any CPU.ActiveCfg = Debug|Any CPU
		{AF481EE1-3347-4CE4-93E5-05FDE479D87D}.Debug|Any CPU.Build.0 = Debug|Any CPU
		{AF481EE1-3347-4CE4-93E5-05FDE479D87D}.Release|Any CPU.ActiveCfg = Release|Any CPU
		{AF481EE1-3347-4CE4-93E5-05FDE479D87D}.Release|Any CPU.Build.0 = Release|Any CPU
		{26123769-1906-4872-8621-CB87FB97EE01}.Debug|Any CPU.ActiveCfg = Debug|Any CPU
		{26123769-1906-4872-8621-CB87FB97EE01}.Debug|Any CPU.Build.0 = Debug|Any CPU
		{26123769-1906-4872-8621-CB87FB97EE01}.Release|Any CPU.ActiveCfg = Release|Any CPU
		{26123769-1906-4872-8621-CB87FB97EE01}.Release|Any CPU.Build.0 = Release|Any CPU
		{8A7D1469-FE56-4EF8-885F-2479E3C7451B}.Debug|Any CPU.ActiveCfg = Debug|Any CPU
		{8A7D1469-FE56-4EF8-885F-2479E3C7451B}.Debug|Any CPU.Build.0 = Debug|Any CPU
		{8A7D1469-FE56-4EF8-885F-2479E3C7451B}.Release|Any CPU.ActiveCfg = Release|Any CPU
		{8A7D1469-FE56-4EF8-885F-2479E3C7451B}.Release|Any CPU.Build.0 = Release|Any CPU
		{2CF40C8F-32A3-46B6-B356-595CF356DCC6}.Debug|Any CPU.ActiveCfg = Debug|Any CPU
		{2CF40C8F-32A3-46B6-B356-595CF356DCC6}.Debug|Any CPU.Build.0 = Debug|Any CPU
		{2CF40C8F-32A3-46B6-B356-595CF356DCC6}.Release|Any CPU.ActiveCfg = Release|Any CPU
		{2CF40C8F-32A3-46B6-B356-595CF356DCC6}.Release|Any CPU.Build.0 = Release|Any CPU
		{33D5B12A-8D2A-47E6-A85E-21DB66B2CB26}.Debug|Any CPU.ActiveCfg = Debug|Any CPU
		{33D5B12A-8D2A-47E6-A85E-21DB66B2CB26}.Debug|Any CPU.Build.0 = Debug|Any CPU
		{33D5B12A-8D2A-47E6-A85E-21DB66B2CB26}.Release|Any CPU.ActiveCfg = Release|Any CPU
		{33D5B12A-8D2A-47E6-A85E-21DB66B2CB26}.Release|Any CPU.Build.0 = Release|Any CPU
		{D1EADD13-2D06-4236-9BE0-31F0280AF983}.Debug|Any CPU.ActiveCfg = Debug|Any CPU
		{D1EADD13-2D06-4236-9BE0-31F0280AF983}.Debug|Any CPU.Build.0 = Debug|Any CPU
		{D1EADD13-2D06-4236-9BE0-31F0280AF983}.Release|Any CPU.ActiveCfg = Release|Any CPU
		{D1EADD13-2D06-4236-9BE0-31F0280AF983}.Release|Any CPU.Build.0 = Release|Any CPU
		{B77D7C7E-2C75-48D9-AB1D-F3B8297C0B4E}.Debug|Any CPU.ActiveCfg = Debug|Any CPU
		{B77D7C7E-2C75-48D9-AB1D-F3B8297C0B4E}.Debug|Any CPU.Build.0 = Debug|Any CPU
		{B77D7C7E-2C75-48D9-AB1D-F3B8297C0B4E}.Release|Any CPU.ActiveCfg = Release|Any CPU
		{B77D7C7E-2C75-48D9-AB1D-F3B8297C0B4E}.Release|Any CPU.Build.0 = Release|Any CPU
		{D06035C4-2CCD-40E1-A75D-5A9A5AAF5C36}.Debug|Any CPU.ActiveCfg = Debug|Any CPU
		{D06035C4-2CCD-40E1-A75D-5A9A5AAF5C36}.Debug|Any CPU.Build.0 = Debug|Any CPU
		{D06035C4-2CCD-40E1-A75D-5A9A5AAF5C36}.Release|Any CPU.ActiveCfg = Release|Any CPU
		{D06035C4-2CCD-40E1-A75D-5A9A5AAF5C36}.Release|Any CPU.Build.0 = Release|Any CPU
		{ECD7F9F2-2397-4D71-8CD7-455A9FD5E840}.Debug|Any CPU.ActiveCfg = Debug|Any CPU
		{ECD7F9F2-2397-4D71-8CD7-455A9FD5E840}.Debug|Any CPU.Build.0 = Debug|Any CPU
		{ECD7F9F2-2397-4D71-8CD7-455A9FD5E840}.Release|Any CPU.ActiveCfg = Release|Any CPU
		{ECD7F9F2-2397-4D71-8CD7-455A9FD5E840}.Release|Any CPU.Build.0 = Release|Any CPU
		{7C45B919-7B28-4A42-AA8A-06ED32FBF48F}.Debug|Any CPU.ActiveCfg = Debug|Any CPU
		{7C45B919-7B28-4A42-AA8A-06ED32FBF48F}.Debug|Any CPU.Build.0 = Debug|Any CPU
		{7C45B919-7B28-4A42-AA8A-06ED32FBF48F}.Release|Any CPU.ActiveCfg = Release|Any CPU
		{7C45B919-7B28-4A42-AA8A-06ED32FBF48F}.Release|Any CPU.Build.0 = Release|Any CPU
		{9E5F1013-FFC1-44B4-A37A-89BD05622F0D}.Debug|Any CPU.ActiveCfg = Debug|Any CPU
		{9E5F1013-FFC1-44B4-A37A-89BD05622F0D}.Debug|Any CPU.Build.0 = Debug|Any CPU
		{9E5F1013-FFC1-44B4-A37A-89BD05622F0D}.Release|Any CPU.ActiveCfg = Release|Any CPU
		{9E5F1013-FFC1-44B4-A37A-89BD05622F0D}.Release|Any CPU.Build.0 = Release|Any CPU
		{62DDEC57-D73D-486D-805B-0710179BDA92}.Debug|Any CPU.ActiveCfg = Debug|Any CPU
		{62DDEC57-D73D-486D-805B-0710179BDA92}.Debug|Any CPU.Build.0 = Debug|Any CPU
		{62DDEC57-D73D-486D-805B-0710179BDA92}.Release|Any CPU.ActiveCfg = Release|Any CPU
		{62DDEC57-D73D-486D-805B-0710179BDA92}.Release|Any CPU.Build.0 = Release|Any CPU
		{E0380F04-EF67-491B-9484-FA3433F65AE4}.Debug|Any CPU.ActiveCfg = Debug|Any CPU
		{E0380F04-EF67-491B-9484-FA3433F65AE4}.Debug|Any CPU.Build.0 = Debug|Any CPU
		{E0380F04-EF67-491B-9484-FA3433F65AE4}.Release|Any CPU.ActiveCfg = Release|Any CPU
		{E0380F04-EF67-491B-9484-FA3433F65AE4}.Release|Any CPU.Build.0 = Release|Any CPU
		{626F0E6F-89AD-49A7-BE83-4CA8CB912114}.Debug|Any CPU.ActiveCfg = Debug|Any CPU
		{626F0E6F-89AD-49A7-BE83-4CA8CB912114}.Debug|Any CPU.Build.0 = Debug|Any CPU
		{626F0E6F-89AD-49A7-BE83-4CA8CB912114}.Release|Any CPU.ActiveCfg = Release|Any CPU
		{626F0E6F-89AD-49A7-BE83-4CA8CB912114}.Release|Any CPU.Build.0 = Release|Any CPU
		{68A2E614-963E-45FC-86DE-9843C3745497}.Debug|Any CPU.ActiveCfg = Debug|Any CPU
		{68A2E614-963E-45FC-86DE-9843C3745497}.Debug|Any CPU.Build.0 = Debug|Any CPU
		{68A2E614-963E-45FC-86DE-9843C3745497}.Release|Any CPU.ActiveCfg = Release|Any CPU
		{68A2E614-963E-45FC-86DE-9843C3745497}.Release|Any CPU.Build.0 = Release|Any CPU
		{FF615695-7AFA-4BE5-B41D-9D47F37B08D9}.Debug|Any CPU.ActiveCfg = Debug|Any CPU
		{FF615695-7AFA-4BE5-B41D-9D47F37B08D9}.Debug|Any CPU.Build.0 = Debug|Any CPU
		{FF615695-7AFA-4BE5-B41D-9D47F37B08D9}.Release|Any CPU.ActiveCfg = Release|Any CPU
		{FF615695-7AFA-4BE5-B41D-9D47F37B08D9}.Release|Any CPU.Build.0 = Release|Any CPU
		{BD453EE2-7E3F-4675-BF61-E1E753629CB6}.Debug|Any CPU.ActiveCfg = Debug|Any CPU
		{BD453EE2-7E3F-4675-BF61-E1E753629CB6}.Debug|Any CPU.Build.0 = Debug|Any CPU
		{BD453EE2-7E3F-4675-BF61-E1E753629CB6}.Release|Any CPU.ActiveCfg = Release|Any CPU
		{BD453EE2-7E3F-4675-BF61-E1E753629CB6}.Release|Any CPU.Build.0 = Release|Any CPU
		{2219E781-6C1A-4434-AE88-3AFCEF0AD29C}.Debug|Any CPU.ActiveCfg = Debug|Any CPU
		{2219E781-6C1A-4434-AE88-3AFCEF0AD29C}.Debug|Any CPU.Build.0 = Debug|Any CPU
		{2219E781-6C1A-4434-AE88-3AFCEF0AD29C}.Release|Any CPU.ActiveCfg = Release|Any CPU
		{2219E781-6C1A-4434-AE88-3AFCEF0AD29C}.Release|Any CPU.Build.0 = Release|Any CPU
		{AE0B9681-27D8-4B33-A0A0-DAC571F8E1AF}.Debug|Any CPU.ActiveCfg = Debug|Any CPU
		{AE0B9681-27D8-4B33-A0A0-DAC571F8E1AF}.Debug|Any CPU.Build.0 = Debug|Any CPU
		{AE0B9681-27D8-4B33-A0A0-DAC571F8E1AF}.Release|Any CPU.ActiveCfg = Release|Any CPU
		{AE0B9681-27D8-4B33-A0A0-DAC571F8E1AF}.Release|Any CPU.Build.0 = Release|Any CPU
		{43909B0F-B79E-431C-A29F-11BF4E099898}.Debug|Any CPU.ActiveCfg = Debug|Any CPU
		{43909B0F-B79E-431C-A29F-11BF4E099898}.Debug|Any CPU.Build.0 = Debug|Any CPU
		{43909B0F-B79E-431C-A29F-11BF4E099898}.Release|Any CPU.ActiveCfg = Release|Any CPU
		{43909B0F-B79E-431C-A29F-11BF4E099898}.Release|Any CPU.Build.0 = Release|Any CPU
		{3ECA5F83-A8D9-4366-B7E0-106298595C72}.Debug|Any CPU.ActiveCfg = Debug|Any CPU
		{3ECA5F83-A8D9-4366-B7E0-106298595C72}.Debug|Any CPU.Build.0 = Debug|Any CPU
		{3ECA5F83-A8D9-4366-B7E0-106298595C72}.Release|Any CPU.ActiveCfg = Release|Any CPU
		{3ECA5F83-A8D9-4366-B7E0-106298595C72}.Release|Any CPU.Build.0 = Release|Any CPU
		{8A2772C4-C1D0-4574-B853-57FC315B4694}.Debug|Any CPU.ActiveCfg = Debug|Any CPU
		{8A2772C4-C1D0-4574-B853-57FC315B4694}.Debug|Any CPU.Build.0 = Debug|Any CPU
		{8A2772C4-C1D0-4574-B853-57FC315B4694}.Release|Any CPU.ActiveCfg = Release|Any CPU
		{8A2772C4-C1D0-4574-B853-57FC315B4694}.Release|Any CPU.Build.0 = Release|Any CPU
		{D8642554-33B3-41EA-947F-DFDB5FA5EAF1}.Debug|Any CPU.ActiveCfg = Debug|Any CPU
		{D8642554-33B3-41EA-947F-DFDB5FA5EAF1}.Debug|Any CPU.Build.0 = Debug|Any CPU
		{D8642554-33B3-41EA-947F-DFDB5FA5EAF1}.Release|Any CPU.ActiveCfg = Release|Any CPU
		{D8642554-33B3-41EA-947F-DFDB5FA5EAF1}.Release|Any CPU.Build.0 = Release|Any CPU
		{C85AA9F9-9CB4-489A-B647-B10FB5798C93}.Debug|Any CPU.ActiveCfg = Debug|Any CPU
		{C85AA9F9-9CB4-489A-B647-B10FB5798C93}.Debug|Any CPU.Build.0 = Debug|Any CPU
		{C85AA9F9-9CB4-489A-B647-B10FB5798C93}.Release|Any CPU.ActiveCfg = Release|Any CPU
		{C85AA9F9-9CB4-489A-B647-B10FB5798C93}.Release|Any CPU.Build.0 = Release|Any CPU
		{81F1C3D2-F8F2-472D-8112-887CE6D85E2E}.Debug|Any CPU.ActiveCfg = Debug|Any CPU
		{81F1C3D2-F8F2-472D-8112-887CE6D85E2E}.Debug|Any CPU.Build.0 = Debug|Any CPU
		{81F1C3D2-F8F2-472D-8112-887CE6D85E2E}.Release|Any CPU.ActiveCfg = Release|Any CPU
		{81F1C3D2-F8F2-472D-8112-887CE6D85E2E}.Release|Any CPU.Build.0 = Release|Any CPU
		{E5FEE6D4-FCDD-4602-912E-DFCB23DF0E0A}.Debug|Any CPU.ActiveCfg = Debug|Any CPU
		{E5FEE6D4-FCDD-4602-912E-DFCB23DF0E0A}.Debug|Any CPU.Build.0 = Debug|Any CPU
		{E5FEE6D4-FCDD-4602-912E-DFCB23DF0E0A}.Release|Any CPU.ActiveCfg = Release|Any CPU
		{E5FEE6D4-FCDD-4602-912E-DFCB23DF0E0A}.Release|Any CPU.Build.0 = Release|Any CPU
		{B4A724B4-091E-458F-ADB6-96F757E3736C}.Debug|Any CPU.ActiveCfg = Debug|Any CPU
		{B4A724B4-091E-458F-ADB6-96F757E3736C}.Debug|Any CPU.Build.0 = Debug|Any CPU
		{B4A724B4-091E-458F-ADB6-96F757E3736C}.Release|Any CPU.ActiveCfg = Release|Any CPU
		{B4A724B4-091E-458F-ADB6-96F757E3736C}.Release|Any CPU.Build.0 = Release|Any CPU
	EndGlobalSection
	GlobalSection(SolutionProperties) = preSolution
		HideSolutionNode = FALSE
	EndGlobalSection
	GlobalSection(ExtensibilityGlobals) = postSolution
		SolutionGuid = {8A6824DB-6E2A-4B45-8699-86B9245BE739}
	EndGlobalSection
	GlobalSection(NestedProjects) = preSolution
		{B4A724B4-091E-458F-ADB6-96F757E3736C} = {686BCB33-9EEA-4383-8880-3E5C8449D31D}
		{E5FEE6D4-FCDD-4602-912E-DFCB23DF0E0A} = {686BCB33-9EEA-4383-8880-3E5C8449D31D}
		{81F1C3D2-F8F2-472D-8112-887CE6D85E2E} = {686BCB33-9EEA-4383-8880-3E5C8449D31D}
		{C85AA9F9-9CB4-489A-B647-B10FB5798C93} = {686BCB33-9EEA-4383-8880-3E5C8449D31D}
		{D8642554-33B3-41EA-947F-DFDB5FA5EAF1} = {5C8BDEC4-1E25-4FA5-A5F7-C4424E64BFE5}
		{8A2772C4-C1D0-4574-B853-57FC315B4694} = {5C8BDEC4-1E25-4FA5-A5F7-C4424E64BFE5}
		{3ECA5F83-A8D9-4366-B7E0-106298595C72} = {5C8BDEC4-1E25-4FA5-A5F7-C4424E64BFE5}
		{43909B0F-B79E-431C-A29F-11BF4E099898} = {5C8BDEC4-1E25-4FA5-A5F7-C4424E64BFE5}
		{AE0B9681-27D8-4B33-A0A0-DAC571F8E1AF} = {71334C64-681E-4CBD-8D48-5F1A9B04BAF2}
		{2219E781-6C1A-4434-AE88-3AFCEF0AD29C} = {71334C64-681E-4CBD-8D48-5F1A9B04BAF2}
		{BD453EE2-7E3F-4675-BF61-E1E753629CB6} = {71334C64-681E-4CBD-8D48-5F1A9B04BAF2}
		{FF615695-7AFA-4BE5-B41D-9D47F37B08D9} = {71334C64-681E-4CBD-8D48-5F1A9B04BAF2}
		{68A2E614-963E-45FC-86DE-9843C3745497} = {D56904CC-8B6E-4BA8-9AEF-815D9589CB51}
		{626F0E6F-89AD-49A7-BE83-4CA8CB912114} = {D56904CC-8B6E-4BA8-9AEF-815D9589CB51}
		{E0380F04-EF67-491B-9484-FA3433F65AE4} = {D56904CC-8B6E-4BA8-9AEF-815D9589CB51}
		{62DDEC57-D73D-486D-805B-0710179BDA92} = {D56904CC-8B6E-4BA8-9AEF-815D9589CB51}
		{9E5F1013-FFC1-44B4-A37A-89BD05622F0D} = {D56904CC-8B6E-4BA8-9AEF-815D9589CB51}
		{7C45B919-7B28-4A42-AA8A-06ED32FBF48F} = {D56904CC-8B6E-4BA8-9AEF-815D9589CB51}
		{ECD7F9F2-2397-4D71-8CD7-455A9FD5E840} = {D56904CC-8B6E-4BA8-9AEF-815D9589CB51}
		{D06035C4-2CCD-40E1-A75D-5A9A5AAF5C36} = {D56904CC-8B6E-4BA8-9AEF-815D9589CB51}
		{B77D7C7E-2C75-48D9-AB1D-F3B8297C0B4E} = {D56904CC-8B6E-4BA8-9AEF-815D9589CB51}
		{D1EADD13-2D06-4236-9BE0-31F0280AF983} = {D56904CC-8B6E-4BA8-9AEF-815D9589CB51}
		{33D5B12A-8D2A-47E6-A85E-21DB66B2CB26} = {D56904CC-8B6E-4BA8-9AEF-815D9589CB51}
		{2CF40C8F-32A3-46B6-B356-595CF356DCC6} = {D56904CC-8B6E-4BA8-9AEF-815D9589CB51}
		{8A7D1469-FE56-4EF8-885F-2479E3C7451B} = {D56904CC-8B6E-4BA8-9AEF-815D9589CB51}
		{26123769-1906-4872-8621-CB87FB97EE01} = {1E0E5132-8076-41D7-8D33-9763CB9805F4}
		{AF481EE1-3347-4CE4-93E5-05FDE479D87D} = {1E0E5132-8076-41D7-8D33-9763CB9805F4}
		{23B911C6-9AD2-4D0A-8857-434A3BE10908} = {1E0E5132-8076-41D7-8D33-9763CB9805F4}
		{FB41194E-00EA-4285-AF18-85F7D29D3790} = {1E0E5132-8076-41D7-8D33-9763CB9805F4}
		{D2C2A8A4-FEDC-4D30-A553-1679DD776FBB} = {1E0E5132-8076-41D7-8D33-9763CB9805F4}
		{2A6A5713-C3C0-456D-81DD-E3E845D16708} = {95BF4684-6031-43E4-B6A5-6783ECF8926A}
		{FD99FA22-ADBB-4BAC-ABBF-38E6E9FACE6C} = {95BF4684-6031-43E4-B6A5-6783ECF8926A}
		{325D0D5C-7870-47F0-B861-E482CE972A2E} = {95BF4684-6031-43E4-B6A5-6783ECF8926A}
		{9F85F3BD-7EDC-4923-9113-2CE97BC2765A} = {95BF4684-6031-43E4-B6A5-6783ECF8926A}
		{765ECA82-B5ED-45D1-B63E-ED7F5EF60E74} = {95BF4684-6031-43E4-B6A5-6783ECF8926A}
		{302C4238-284B-4371-81D4-57C767667A9C} = {95BF4684-6031-43E4-B6A5-6783ECF8926A}
		{55C1160D-3373-433A-A059-B8F9C39C963C} = {95BF4684-6031-43E4-B6A5-6783ECF8926A}
		{3655BDA8-9BFA-48A7-A9C5-6F6B6C7EC5B4} = {3655BDA8-9BFA-48A7-A9C5-6F6B6C7EC5B4}
		{936D0D26-CF72-47D0-BE13-B87A392F651D} = {72166C51-8D6D-40B7-A869-9B21FD8A0900}
		{3C5C40D6-5E0D-41C1-A433-A4798E9F4C64} = {72166C51-8D6D-40B7-A869-9B21FD8A0900}
		{814B7A58-FF3F-4994-8F4F-D7C32DE94BD7} = {72166C51-8D6D-40B7-A869-9B21FD8A0900}
		{2FB48F48-A7D4-437C-BA81-EC7B421FD536} = {72166C51-8D6D-40B7-A869-9B21FD8A0900}
		{51FFA06A-C64C-4A05-B030-D35EB839AADD} = {31751157-7B00-4A9B-983D-A165851AD970}
		{6D6ACF5B-3023-4745-9FBC-7F868D6861FA} = {31751157-7B00-4A9B-983D-A165851AD970}
		{5C36E9C3-C258-4F61-AF3C-1BC6905283AA} = {31751157-7B00-4A9B-983D-A165851AD970}
		{3BC27C5B-46F5-4F61-BA29-528A892118B1} = {31751157-7B00-4A9B-983D-A165851AD970}
	EndGlobalSection
EndGlobal
