
Microsoft Visual Studio Solution File, Format Version 12.00
# Visual Studio Version 17
VisualStudioVersion = 17.5.002.0
MinimumVisualStudioVersion = 10.0.40219.1
Project("{9A19103F-16F7-4668-BE54-9A1E7A4F7556}") = "Day01", "Day01\Day01.csproj", "{51FFA06A-C64C-4A05-B030-D35EB839AADD}"
EndProject
Project("{FAE04EC0-301F-11D3-BF4B-00C04F79EFBC}") = "Day02", "Day02\Day02.csproj", "{6D6ACF5B-3023-4745-9FBC-7F868D6861FA}"
EndProject
Project("{FAE04EC0-301F-11D3-BF4B-00C04F79EFBC}") = "Day03", "Day03\Day03.csproj", "{5C36E9C3-C258-4F61-AF3C-1BC6905283AA}"
EndProject
Project("{FAE04EC0-301F-11D3-BF4B-00C04F79EFBC}") = "Day04", "Day04\Day04.csproj", "{3BC27C5B-46F5-4F61-BA29-528A892118B1}"
EndProject
Project("{2150E333-8FDC-42A3-9474-1A3956D46DE8}") = "Day01 - 02", "Day01 - 02", "{31751157-7B00-4A9B-983D-A165851AD970}"
EndProject
Project("{2150E333-8FDC-42A3-9474-1A3956D46DE8}") = "Day03", "Day03", "{72166C51-8D6D-40B7-A869-9B21FD8A0900}"
EndProject
Project("{FAE04EC0-301F-11D3-BF4B-00C04F79EFBC}") = "Project01", "Project01\Project01.csproj", "{2FB48F48-A7D4-437C-BA81-EC7B421FD536}"
EndProject
Project("{FAE04EC0-301F-11D3-BF4B-00C04F79EFBC}") = "Encapsulation", "Encapsulation\Encapsulation.csproj", "{814B7A58-FF3F-4994-8F4F-D7C32DE94BD7}"
EndProject
Project("{FAE04EC0-301F-11D3-BF4B-00C04F79EFBC}") = "Overriding", "Overriding\Overriding.csproj", "{3C5C40D6-5E0D-41C1-A433-A4798E9F4C64}"
EndProject
Project("{FAE04EC0-301F-11D3-BF4B-00C04F79EFBC}") = "Project02", "Project02\Project02.csproj", "{936D0D26-CF72-47D0-BE13-B87A392F651D}"
EndProject
Project("{2150E333-8FDC-42A3-9474-1A3956D46DE8}") = "Day04", "Day04", "{95BF4684-6031-43E4-B6A5-6783ECF8926A}"
EndProject
Project("{FAE04EC0-301F-11D3-BF4B-00C04F79EFBC}") = "ReferenceTypes", "ReferenceTypes\ReferenceTypes.csproj", "{3655BDA8-9BFA-48A7-A9C5-6F6B6C7EC5B4}"
EndProject
Project("{FAE04EC0-301F-11D3-BF4B-00C04F79EFBC}") = "ReferenceTypes", "ReferenceTypes\ReferenceTypes.csproj", "{55C1160D-3373-433A-A059-B8F9C39C963C}"
EndProject
Project("{FAE04EC0-301F-11D3-BF4B-00C04F79EFBC}") = "StringBuilder", "StringBuilder\StringBuilder.csproj", "{302C4238-284B-4371-81D4-57C767667A9C}"
EndProject
Project("{FAE04EC0-301F-11D3-BF4B-00C04F79EFBC}") = "Composition", "Composition\Composition.csproj", "{765ECA82-B5ED-45D1-B63E-ED7F5EF60E74}"
EndProject
Project("{FAE04EC0-301F-11D3-BF4B-00C04F79EFBC}") = "Property", "Property\Property.csproj", "{9F85F3BD-7EDC-4923-9113-2CE97BC2765A}"
EndProject
Project("{FAE04EC0-301F-11D3-BF4B-00C04F79EFBC}") = "Ref", "Ref\Ref.csproj", "{325D0D5C-7870-47F0-B861-E482CE972A2E}"
EndProject
Project("{FAE04EC0-301F-11D3-BF4B-00C04F79EFBC}") = "Out", "Out\Out.csproj", "{FD99FA22-ADBB-4BAC-ABBF-38E6E9FACE6C}"
EndProject
Project("{FAE04EC0-301F-11D3-BF4B-00C04F79EFBC}") = "In", "In\In.csproj", "{2A6A5713-C3C0-456D-81DD-E3E845D16708}"
EndProject
Project("{2150E333-8FDC-42A3-9474-1A3956D46DE8}") = "Day05", "Day05", "{1E0E5132-8076-41D7-8D33-9763CB9805F4}"
EndProject
Project("{FAE04EC0-301F-11D3-BF4B-00C04F79EFBC}") = "Abstraction", "Abstraction\Abstraction.csproj", "{D2C2A8A4-FEDC-4D30-A553-1679DD776FBB}"
EndProject
Project("{FAE04EC0-301F-11D3-BF4B-00C04F79EFBC}") = "Abstraction02", "Abstraction02\Abstraction02.csproj", "{FB41194E-00EA-4285-AF18-85F7D29D3790}"
EndProject
Project("{FAE04EC0-301F-11D3-BF4B-00C04F79EFBC}") = "Interface", "Interface\Interface.csproj", "{23B911C6-9AD2-4D0A-8857-434A3BE10908}"
EndProject
Project("{FAE04EC0-301F-11D3-BF4B-00C04F79EFBC}") = "InterfaceSeggregation", "InterfaceSeggregation\InterfaceSeggregation.csproj", "{AF481EE1-3347-4CE4-93E5-05FDE479D87D}"
EndProject
Project("{FAE04EC0-301F-11D3-BF4B-00C04F79EFBC}") = "Static", "Static\Static.csproj", "{26123769-1906-4872-8621-CB87FB97EE01}"
EndProject
Global
	GlobalSection(SolutionConfigurationPlatforms) = preSolution
		Debug|Any CPU = Debug|Any CPU
		Release|Any CPU = Release|Any CPU
	EndGlobalSection
	GlobalSection(ProjectConfigurationPlatforms) = postSolution
		{51FFA06A-C64C-4A05-B030-D35EB839AADD}.Debug|Any CPU.ActiveCfg = Debug|Any CPU
		{51FFA06A-C64C-4A05-B030-D35EB839AADD}.Debug|Any CPU.Build.0 = Debug|Any CPU
		{51FFA06A-C64C-4A05-B030-D35EB839AADD}.Release|Any CPU.ActiveCfg = Release|Any CPU
		{51FFA06A-C64C-4A05-B030-D35EB839AADD}.Release|Any CPU.Build.0 = Release|Any CPU
		{6D6ACF5B-3023-4745-9FBC-7F868D6861FA}.Debug|Any CPU.ActiveCfg = Debug|Any CPU
		{6D6ACF5B-3023-4745-9FBC-7F868D6861FA}.Debug|Any CPU.Build.0 = Debug|Any CPU
		{6D6ACF5B-3023-4745-9FBC-7F868D6861FA}.Release|Any CPU.ActiveCfg = Release|Any CPU
		{6D6ACF5B-3023-4745-9FBC-7F868D6861FA}.Release|Any CPU.Build.0 = Release|Any CPU
		{5C36E9C3-C258-4F61-AF3C-1BC6905283AA}.Debug|Any CPU.ActiveCfg = Debug|Any CPU
		{5C36E9C3-C258-4F61-AF3C-1BC6905283AA}.Debug|Any CPU.Build.0 = Debug|Any CPU
		{5C36E9C3-C258-4F61-AF3C-1BC6905283AA}.Release|Any CPU.ActiveCfg = Release|Any CPU
		{5C36E9C3-C258-4F61-AF3C-1BC6905283AA}.Release|Any CPU.Build.0 = Release|Any CPU
		{3BC27C5B-46F5-4F61-BA29-528A892118B1}.Debug|Any CPU.ActiveCfg = Debug|Any CPU
		{3BC27C5B-46F5-4F61-BA29-528A892118B1}.Debug|Any CPU.Build.0 = Debug|Any CPU
		{3BC27C5B-46F5-4F61-BA29-528A892118B1}.Release|Any CPU.ActiveCfg = Release|Any CPU
		{3BC27C5B-46F5-4F61-BA29-528A892118B1}.Release|Any CPU.Build.0 = Release|Any CPU
		{2FB48F48-A7D4-437C-BA81-EC7B421FD536}.Debug|Any CPU.ActiveCfg = Debug|Any CPU
		{2FB48F48-A7D4-437C-BA81-EC7B421FD536}.Debug|Any CPU.Build.0 = Debug|Any CPU
		{2FB48F48-A7D4-437C-BA81-EC7B421FD536}.Release|Any CPU.ActiveCfg = Release|Any CPU
		{2FB48F48-A7D4-437C-BA81-EC7B421FD536}.Release|Any CPU.Build.0 = Release|Any CPU
		{814B7A58-FF3F-4994-8F4F-D7C32DE94BD7}.Debug|Any CPU.ActiveCfg = Debug|Any CPU
		{814B7A58-FF3F-4994-8F4F-D7C32DE94BD7}.Debug|Any CPU.Build.0 = Debug|Any CPU
		{814B7A58-FF3F-4994-8F4F-D7C32DE94BD7}.Release|Any CPU.ActiveCfg = Release|Any CPU
		{814B7A58-FF3F-4994-8F4F-D7C32DE94BD7}.Release|Any CPU.Build.0 = Release|Any CPU
		{3C5C40D6-5E0D-41C1-A433-A4798E9F4C64}.Debug|Any CPU.ActiveCfg = Debug|Any CPU
		{3C5C40D6-5E0D-41C1-A433-A4798E9F4C64}.Debug|Any CPU.Build.0 = Debug|Any CPU
		{3C5C40D6-5E0D-41C1-A433-A4798E9F4C64}.Release|Any CPU.ActiveCfg = Release|Any CPU
		{3C5C40D6-5E0D-41C1-A433-A4798E9F4C64}.Release|Any CPU.Build.0 = Release|Any CPU
		{936D0D26-CF72-47D0-BE13-B87A392F651D}.Debug|Any CPU.ActiveCfg = Debug|Any CPU
		{936D0D26-CF72-47D0-BE13-B87A392F651D}.Debug|Any CPU.Build.0 = Debug|Any CPU
		{936D0D26-CF72-47D0-BE13-B87A392F651D}.Release|Any CPU.ActiveCfg = Release|Any CPU
		{936D0D26-CF72-47D0-BE13-B87A392F651D}.Release|Any CPU.Build.0 = Release|Any CPU
		{3655BDA8-9BFA-48A7-A9C5-6F6B6C7EC5B4}.Debug|Any CPU.ActiveCfg = Debug|Any CPU
		{3655BDA8-9BFA-48A7-A9C5-6F6B6C7EC5B4}.Debug|Any CPU.Build.0 = Debug|Any CPU
		{3655BDA8-9BFA-48A7-A9C5-6F6B6C7EC5B4}.Release|Any CPU.ActiveCfg = Release|Any CPU
		{3655BDA8-9BFA-48A7-A9C5-6F6B6C7EC5B4}.Release|Any CPU.Build.0 = Release|Any CPU
		{55C1160D-3373-433A-A059-B8F9C39C963C}.Debug|Any CPU.ActiveCfg = Debug|Any CPU
		{55C1160D-3373-433A-A059-B8F9C39C963C}.Debug|Any CPU.Build.0 = Debug|Any CPU
		{55C1160D-3373-433A-A059-B8F9C39C963C}.Release|Any CPU.ActiveCfg = Release|Any CPU
		{55C1160D-3373-433A-A059-B8F9C39C963C}.Release|Any CPU.Build.0 = Release|Any CPU
		{302C4238-284B-4371-81D4-57C767667A9C}.Debug|Any CPU.ActiveCfg = Debug|Any CPU
		{302C4238-284B-4371-81D4-57C767667A9C}.Debug|Any CPU.Build.0 = Debug|Any CPU
		{302C4238-284B-4371-81D4-57C767667A9C}.Release|Any CPU.ActiveCfg = Release|Any CPU
		{302C4238-284B-4371-81D4-57C767667A9C}.Release|Any CPU.Build.0 = Release|Any CPU
		{765ECA82-B5ED-45D1-B63E-ED7F5EF60E74}.Debug|Any CPU.ActiveCfg = Debug|Any CPU
		{765ECA82-B5ED-45D1-B63E-ED7F5EF60E74}.Debug|Any CPU.Build.0 = Debug|Any CPU
		{765ECA82-B5ED-45D1-B63E-ED7F5EF60E74}.Release|Any CPU.ActiveCfg = Release|Any CPU
		{765ECA82-B5ED-45D1-B63E-ED7F5EF60E74}.Release|Any CPU.Build.0 = Release|Any CPU
		{9F85F3BD-7EDC-4923-9113-2CE97BC2765A}.Debug|Any CPU.ActiveCfg = Debug|Any CPU
		{9F85F3BD-7EDC-4923-9113-2CE97BC2765A}.Debug|Any CPU.Build.0 = Debug|Any CPU
		{9F85F3BD-7EDC-4923-9113-2CE97BC2765A}.Release|Any CPU.ActiveCfg = Release|Any CPU
		{9F85F3BD-7EDC-4923-9113-2CE97BC2765A}.Release|Any CPU.Build.0 = Release|Any CPU
		{325D0D5C-7870-47F0-B861-E482CE972A2E}.Debug|Any CPU.ActiveCfg = Debug|Any CPU
		{325D0D5C-7870-47F0-B861-E482CE972A2E}.Debug|Any CPU.Build.0 = Debug|Any CPU
		{325D0D5C-7870-47F0-B861-E482CE972A2E}.Release|Any CPU.ActiveCfg = Release|Any CPU
		{325D0D5C-7870-47F0-B861-E482CE972A2E}.Release|Any CPU.Build.0 = Release|Any CPU
		{FD99FA22-ADBB-4BAC-ABBF-38E6E9FACE6C}.Debug|Any CPU.ActiveCfg = Debug|Any CPU
		{FD99FA22-ADBB-4BAC-ABBF-38E6E9FACE6C}.Debug|Any CPU.Build.0 = Debug|Any CPU
		{FD99FA22-ADBB-4BAC-ABBF-38E6E9FACE6C}.Release|Any CPU.ActiveCfg = Release|Any CPU
		{FD99FA22-ADBB-4BAC-ABBF-38E6E9FACE6C}.Release|Any CPU.Build.0 = Release|Any CPU
		{2A6A5713-C3C0-456D-81DD-E3E845D16708}.Debug|Any CPU.ActiveCfg = Debug|Any CPU
		{2A6A5713-C3C0-456D-81DD-E3E845D16708}.Debug|Any CPU.Build.0 = Debug|Any CPU
		{2A6A5713-C3C0-456D-81DD-E3E845D16708}.Release|Any CPU.ActiveCfg = Release|Any CPU
		{2A6A5713-C3C0-456D-81DD-E3E845D16708}.Release|Any CPU.Build.0 = Release|Any CPU
		{D2C2A8A4-FEDC-4D30-A553-1679DD776FBB}.Debug|Any CPU.ActiveCfg = Debug|Any CPU
		{D2C2A8A4-FEDC-4D30-A553-1679DD776FBB}.Debug|Any CPU.Build.0 = Debug|Any CPU
		{D2C2A8A4-FEDC-4D30-A553-1679DD776FBB}.Release|Any CPU.ActiveCfg = Release|Any CPU
		{D2C2A8A4-FEDC-4D30-A553-1679DD776FBB}.Release|Any CPU.Build.0 = Release|Any CPU
		{FB41194E-00EA-4285-AF18-85F7D29D3790}.Debug|Any CPU.ActiveCfg = Debug|Any CPU
		{FB41194E-00EA-4285-AF18-85F7D29D3790}.Debug|Any CPU.Build.0 = Debug|Any CPU
		{FB41194E-00EA-4285-AF18-85F7D29D3790}.Release|Any CPU.ActiveCfg = Release|Any CPU
		{FB41194E-00EA-4285-AF18-85F7D29D3790}.Release|Any CPU.Build.0 = Release|Any CPU
		{23B911C6-9AD2-4D0A-8857-434A3BE10908}.Debug|Any CPU.ActiveCfg = Debug|Any CPU
		{23B911C6-9AD2-4D0A-8857-434A3BE10908}.Debug|Any CPU.Build.0 = Debug|Any CPU
		{23B911C6-9AD2-4D0A-8857-434A3BE10908}.Release|Any CPU.ActiveCfg = Release|Any CPU
		{23B911C6-9AD2-4D0A-8857-434A3BE10908}.Release|Any CPU.Build.0 = Release|Any CPU
		{AF481EE1-3347-4CE4-93E5-05FDE479D87D}.Debug|Any CPU.ActiveCfg = Debug|Any CPU
		{AF481EE1-3347-4CE4-93E5-05FDE479D87D}.Debug|Any CPU.Build.0 = Debug|Any CPU
		{AF481EE1-3347-4CE4-93E5-05FDE479D87D}.Release|Any CPU.ActiveCfg = Release|Any CPU
		{AF481EE1-3347-4CE4-93E5-05FDE479D87D}.Release|Any CPU.Build.0 = Release|Any CPU
		{26123769-1906-4872-8621-CB87FB97EE01}.Debug|Any CPU.ActiveCfg = Debug|Any CPU
		{26123769-1906-4872-8621-CB87FB97EE01}.Debug|Any CPU.Build.0 = Debug|Any CPU
		{26123769-1906-4872-8621-CB87FB97EE01}.Release|Any CPU.ActiveCfg = Release|Any CPU
		{26123769-1906-4872-8621-CB87FB97EE01}.Release|Any CPU.Build.0 = Release|Any CPU
	EndGlobalSection
	GlobalSection(SolutionProperties) = preSolution
		HideSolutionNode = FALSE
	EndGlobalSection
	GlobalSection(ExtensibilityGlobals) = postSolution
		SolutionGuid = {8A6824DB-6E2A-4B45-8699-86B9245BE739}
	EndGlobalSection
	GlobalSection(NestedProjects) = preSolution
		{26123769-1906-4872-8621-CB87FB97EE01} = {1E0E5132-8076-41D7-8D33-9763CB9805F4}
		{AF481EE1-3347-4CE4-93E5-05FDE479D87D} = {1E0E5132-8076-41D7-8D33-9763CB9805F4}
		{23B911C6-9AD2-4D0A-8857-434A3BE10908} = {1E0E5132-8076-41D7-8D33-9763CB9805F4}
		{FB41194E-00EA-4285-AF18-85F7D29D3790} = {1E0E5132-8076-41D7-8D33-9763CB9805F4}
		{D2C2A8A4-FEDC-4D30-A553-1679DD776FBB} = {1E0E5132-8076-41D7-8D33-9763CB9805F4}
		{2A6A5713-C3C0-456D-81DD-E3E845D16708} = {95BF4684-6031-43E4-B6A5-6783ECF8926A}
		{FD99FA22-ADBB-4BAC-ABBF-38E6E9FACE6C} = {95BF4684-6031-43E4-B6A5-6783ECF8926A}
		{325D0D5C-7870-47F0-B861-E482CE972A2E} = {95BF4684-6031-43E4-B6A5-6783ECF8926A}
		{9F85F3BD-7EDC-4923-9113-2CE97BC2765A} = {95BF4684-6031-43E4-B6A5-6783ECF8926A}
		{765ECA82-B5ED-45D1-B63E-ED7F5EF60E74} = {95BF4684-6031-43E4-B6A5-6783ECF8926A}
		{302C4238-284B-4371-81D4-57C767667A9C} = {95BF4684-6031-43E4-B6A5-6783ECF8926A}
		{55C1160D-3373-433A-A059-B8F9C39C963C} = {95BF4684-6031-43E4-B6A5-6783ECF8926A}
		{3655BDA8-9BFA-48A7-A9C5-6F6B6C7EC5B4} = {3655BDA8-9BFA-48A7-A9C5-6F6B6C7EC5B4}
		{936D0D26-CF72-47D0-BE13-B87A392F651D} = {72166C51-8D6D-40B7-A869-9B21FD8A0900}
		{3C5C40D6-5E0D-41C1-A433-A4798E9F4C64} = {72166C51-8D6D-40B7-A869-9B21FD8A0900}
		{814B7A58-FF3F-4994-8F4F-D7C32DE94BD7} = {72166C51-8D6D-40B7-A869-9B21FD8A0900}
		{2FB48F48-A7D4-437C-BA81-EC7B421FD536} = {72166C51-8D6D-40B7-A869-9B21FD8A0900}
		{51FFA06A-C64C-4A05-B030-D35EB839AADD} = {31751157-7B00-4A9B-983D-A165851AD970}
		{6D6ACF5B-3023-4745-9FBC-7F868D6861FA} = {31751157-7B00-4A9B-983D-A165851AD970}
		{5C36E9C3-C258-4F61-AF3C-1BC6905283AA} = {31751157-7B00-4A9B-983D-A165851AD970}
		{3BC27C5B-46F5-4F61-BA29-528A892118B1} = {31751157-7B00-4A9B-983D-A165851AD970}
	EndGlobalSection
EndGlobal
